
Microsoft Visual Studio Solution File, Format Version 12.00
# Visual Studio Version 16
VisualStudioVersion = 16.0.31112.23
MinimumVisualStudioVersion = 10.0.40219.1
Project("{FAE04EC0-301F-11D3-BF4B-00C04F79EFBC}") = "PartE", "PartE.csproj", "{0C917085-2075-4342-8607-814122089364}"
EndProject
Global
	GlobalSection(SolutionConfigurationPlatforms) = preSolution
		Debug|Any CPU = Debug|Any CPU
		Release|Any CPU = Release|Any CPU
	EndGlobalSection
	GlobalSection(ProjectConfigurationPlatforms) = postSolution
		{0C917085-2075-4342-8607-814122089364}.Debug|Any CPU.ActiveCfg = Debug|Any CPU
		{0C917085-2075-4342-8607-814122089364}.Debug|Any CPU.Build.0 = Debug|Any CPU
		{0C917085-2075-4342-8607-814122089364}.Release|Any CPU.ActiveCfg = Release|Any CPU
		{0C917085-2075-4342-8607-814122089364}.Release|Any CPU.Build.0 = Release|Any CPU
	EndGlobalSection
	GlobalSection(SolutionProperties) = preSolution
		HideSolutionNode = FALSE
	EndGlobalSection
	GlobalSection(ExtensibilityGlobals) = postSolution
		SolutionGuid = {B76228AC-AE98-43D0-9FA9-A2E5E9A5E57E}
	EndGlobalSection
EndGlobal
