
Microsoft Visual Studio Solution File, Format Version 12.00
# Visual Studio Version 16
VisualStudioVersion = 16.0.31112.23
MinimumVisualStudioVersion = 10.0.40219.1
Project("{FAE04EC0-301F-11D3-BF4B-00C04F79EFBC}") = "PartB", "PartB.csproj", "{4DE10339-E122-46D0-9DB6-EB01896317DD}"
EndProject
Global
	GlobalSection(SolutionConfigurationPlatforms) = preSolution
		Debug|Any CPU = Debug|Any CPU
		Release|Any CPU = Release|Any CPU
	EndGlobalSection
	GlobalSection(ProjectConfigurationPlatforms) = postSolution
		{4DE10339-E122-46D0-9DB6-EB01896317DD}.Debug|Any CPU.ActiveCfg = Debug|Any CPU
		{4DE10339-E122-46D0-9DB6-EB01896317DD}.Debug|Any CPU.Build.0 = Debug|Any CPU
		{4DE10339-E122-46D0-9DB6-EB01896317DD}.Release|Any CPU.ActiveCfg = Release|Any CPU
		{4DE10339-E122-46D0-9DB6-EB01896317DD}.Release|Any CPU.Build.0 = Release|Any CPU
	EndGlobalSection
	GlobalSection(SolutionProperties) = preSolution
		HideSolutionNode = FALSE
	EndGlobalSection
	GlobalSection(ExtensibilityGlobals) = postSolution
		SolutionGuid = {FF1AC48B-8934-4B4A-B480-87AFC8B8EA83}
	EndGlobalSection
EndGlobal
