
Microsoft Visual Studio Solution File, Format Version 12.00
# Visual Studio Version 16
VisualStudioVersion = 16.0.31112.23
MinimumVisualStudioVersion = 10.0.40219.1
Project("{FAE04EC0-301F-11D3-BF4B-00C04F79EFBC}") = "PartG", "PartG.csproj", "{81A5E424-A046-429F-B603-F6C0910F3039}"
EndProject
Global
	GlobalSection(SolutionConfigurationPlatforms) = preSolution
		Debug|Any CPU = Debug|Any CPU
		Release|Any CPU = Release|Any CPU
	EndGlobalSection
	GlobalSection(ProjectConfigurationPlatforms) = postSolution
		{81A5E424-A046-429F-B603-F6C0910F3039}.Debug|Any CPU.ActiveCfg = Debug|Any CPU
		{81A5E424-A046-429F-B603-F6C0910F3039}.Debug|Any CPU.Build.0 = Debug|Any CPU
		{81A5E424-A046-429F-B603-F6C0910F3039}.Release|Any CPU.ActiveCfg = Release|Any CPU
		{81A5E424-A046-429F-B603-F6C0910F3039}.Release|Any CPU.Build.0 = Release|Any CPU
	EndGlobalSection
	GlobalSection(SolutionProperties) = preSolution
		HideSolutionNode = FALSE
	EndGlobalSection
	GlobalSection(ExtensibilityGlobals) = postSolution
		SolutionGuid = {1BF2BA2A-4134-487D-B0A1-CC6BF8EE1C5D}
	EndGlobalSection
EndGlobal
